
Microsoft Visual Studio Solution File, Format Version 10.00
# Visual Studio 2008
Project("{8BC9CEB8-8B4A-11D0-8D11-00A0C91BC942}") = "NEWS", "news.vcproj", "{D5BD66DD-F537-4B46-B869-9EF84E87B06B}"
	ProjectSection(ProjectDependencies) = postProject
		{5329A405-E036-40BC-9F9A-CA199DEFF154} = {5329A405-E036-40BC-9F9A-CA199DEFF154}
		{88A22532-078A-4EE8-B307-A00043891845} = {88A22532-078A-4EE8-B307-A00043891845}
		{D5C3F74E-89F1-41F1-924D-0554F927070B} = {D5C3F74E-89F1-41F1-924D-0554F927070B}
		{7A8D2AB1-6512-436D-8B11-F35383E43133} = {7A8D2AB1-6512-436D-8B11-F35383E43133}
		{4DB6F5E6-0EF3-4B1A-A5CA-B0356C1FD713} = {4DB6F5E6-0EF3-4B1A-A5CA-B0356C1FD713}
		{C70DFAF4-86CF-4DDE-AC6A-94570132A204} = {C70DFAF4-86CF-4DDE-AC6A-94570132A204}
	EndProjectSection
EndProject
Project("{8BC9CEB8-8B4A-11D0-8D11-00A0C91BC942}") = "libwinface", "libwinface\libwinface.vcproj", "{88A22532-078A-4EE8-B307-A00043891845}"
	ProjectSection(ProjectDependencies) = postProject
		{C70DFAF4-86CF-4DDE-AC6A-94570132A204} = {C70DFAF4-86CF-4DDE-AC6A-94570132A204}
	EndProjectSection
EndProject
Project("{8BC9CEB8-8B4A-11D0-8D11-00A0C91BC942}") = "pcre", "pcre\pcre.vcproj", "{4DB6F5E6-0EF3-4B1A-A5CA-B0356C1FD713}"
EndProject
Project("{54435603-DBB4-11D2-8724-00A0C9A8B90C}") = "OnlineSetup", "Setup\Setup\Setup.vdproj", "{03754A74-6C16-4604-A94D-CCBA3B944807}"
	ProjectSection(ProjectDependencies) = postProject
		{5329A405-E036-40BC-9F9A-CA199DEFF154} = {5329A405-E036-40BC-9F9A-CA199DEFF154}
		{88A22532-078A-4EE8-B307-A00043891845} = {88A22532-078A-4EE8-B307-A00043891845}
		{7A8D2AB1-6512-436D-8B11-F35383E43133} = {7A8D2AB1-6512-436D-8B11-F35383E43133}
		{D5BD66DD-F537-4B46-B869-9EF84E87B06B} = {D5BD66DD-F537-4B46-B869-9EF84E87B06B}
		{4DB6F5E6-0EF3-4B1A-A5CA-B0356C1FD713} = {4DB6F5E6-0EF3-4B1A-A5CA-B0356C1FD713}
		{C70DFAF4-86CF-4DDE-AC6A-94570132A204} = {C70DFAF4-86CF-4DDE-AC6A-94570132A204}
	EndProjectSection
EndProject
Project("{8BC9CEB8-8B4A-11D0-8D11-00A0C91BC942}") = "hunspell", "hunspell-1.2.8\src\hunspell\hunspell.vcproj", "{5329A405-E036-40BC-9F9A-CA199DEFF154}"
EndProject
Project("{8BC9CEB8-8B4A-11D0-8D11-00A0C91BC942}") = "png", "png\png.vcproj", "{7A8D2AB1-6512-436D-8B11-F35383E43133}"
EndProject
Project("{8BC9CEB8-8B4A-11D0-8D11-00A0C91BC942}") = "zlib", "zlib\zlib.vcproj", "{D5C3F74E-89F1-41F1-924D-0554F927070B}"
EndProject
Project("{8BC9CEB8-8B4A-11D0-8D11-00A0C91BC942}") = "compface", "compface\compface.vcproj", "{C70DFAF4-86CF-4DDE-AC6A-94570132A204}"
EndProject
Global
	GlobalSection(SolutionConfigurationPlatforms) = preSolution
		Debug|Win32 = Debug|Win32
		Release|Win32 = Release|Win32
	EndGlobalSection
	GlobalSection(ProjectConfigurationPlatforms) = postSolution
		{D5BD66DD-F537-4B46-B869-9EF84E87B06B}.Debug|Win32.ActiveCfg = Debug|Win32
		{D5BD66DD-F537-4B46-B869-9EF84E87B06B}.Debug|Win32.Build.0 = Debug|Win32
		{D5BD66DD-F537-4B46-B869-9EF84E87B06B}.Release|Win32.ActiveCfg = Release|Win32
		{D5BD66DD-F537-4B46-B869-9EF84E87B06B}.Release|Win32.Build.0 = Release|Win32
		{88A22532-078A-4EE8-B307-A00043891845}.Debug|Win32.ActiveCfg = Debug|Win32
		{88A22532-078A-4EE8-B307-A00043891845}.Debug|Win32.Build.0 = Debug|Win32
		{88A22532-078A-4EE8-B307-A00043891845}.Release|Win32.ActiveCfg = Release|Win32
		{88A22532-078A-4EE8-B307-A00043891845}.Release|Win32.Build.0 = Release|Win32
		{4DB6F5E6-0EF3-4B1A-A5CA-B0356C1FD713}.Debug|Win32.ActiveCfg = Debug|Win32
		{4DB6F5E6-0EF3-4B1A-A5CA-B0356C1FD713}.Debug|Win32.Build.0 = Debug|Win32
		{4DB6F5E6-0EF3-4B1A-A5CA-B0356C1FD713}.Release|Win32.ActiveCfg = Release|Win32
		{4DB6F5E6-0EF3-4B1A-A5CA-B0356C1FD713}.Release|Win32.Build.0 = Release|Win32
		{03754A74-6C16-4604-A94D-CCBA3B944807}.Debug|Win32.ActiveCfg = Debug
		{03754A74-6C16-4604-A94D-CCBA3B944807}.Release|Win32.ActiveCfg = Release
		{03754A74-6C16-4604-A94D-CCBA3B944807}.Release|Win32.Build.0 = Release
		{5329A405-E036-40BC-9F9A-CA199DEFF154}.Debug|Win32.ActiveCfg = Debug|Win32
		{5329A405-E036-40BC-9F9A-CA199DEFF154}.Debug|Win32.Build.0 = Debug|Win32
		{5329A405-E036-40BC-9F9A-CA199DEFF154}.Release|Win32.ActiveCfg = Release|Win32
		{5329A405-E036-40BC-9F9A-CA199DEFF154}.Release|Win32.Build.0 = Release|Win32
		{7A8D2AB1-6512-436D-8B11-F35383E43133}.Debug|Win32.ActiveCfg = Debug|Win32
		{7A8D2AB1-6512-436D-8B11-F35383E43133}.Debug|Win32.Build.0 = Debug|Win32
		{7A8D2AB1-6512-436D-8B11-F35383E43133}.Release|Win32.ActiveCfg = Release|Win32
		{7A8D2AB1-6512-436D-8B11-F35383E43133}.Release|Win32.Build.0 = Release|Win32
		{D5C3F74E-89F1-41F1-924D-0554F927070B}.Debug|Win32.ActiveCfg = Debug|Win32
		{D5C3F74E-89F1-41F1-924D-0554F927070B}.Debug|Win32.Build.0 = Debug|Win32
		{D5C3F74E-89F1-41F1-924D-0554F927070B}.Release|Win32.ActiveCfg = Release|Win32
		{D5C3F74E-89F1-41F1-924D-0554F927070B}.Release|Win32.Build.0 = Release|Win32
		{C70DFAF4-86CF-4DDE-AC6A-94570132A204}.Debug|Win32.ActiveCfg = Debug|Win32
		{C70DFAF4-86CF-4DDE-AC6A-94570132A204}.Debug|Win32.Build.0 = Debug|Win32
		{C70DFAF4-86CF-4DDE-AC6A-94570132A204}.Release|Win32.ActiveCfg = Release|Win32
		{C70DFAF4-86CF-4DDE-AC6A-94570132A204}.Release|Win32.Build.0 = Release|Win32
	EndGlobalSection
	GlobalSection(SolutionProperties) = preSolution
		HideSolutionNode = FALSE
	EndGlobalSection
EndGlobal
